
Microsoft Visual Studio Solution File, Format Version 12.00
# Visual Studio Version 17
VisualStudioVersion = 17.7.34221.43
MinimumVisualStudioVersion = 10.0.40219.1
Project("{8BC9CEB8-8B4A-11D0-8D11-00A0C91BC942}") = "MatrixOperations", "MatrixOperations\MatrixOperations.vcxproj", "{78EB3EF0-2D74-48B7-8BFA-9B893E1443F6}"
EndProject
Global
	GlobalSection(SolutionConfigurationPlatforms) = preSolution
		Debug|x64 = Debug|x64
		Release|x64 = Release|x64
	EndGlobalSection
	GlobalSection(ProjectConfigurationPlatforms) = postSolution
		{78EB3EF0-2D74-48B7-8BFA-9B893E1443F6}.Debug|x64.ActiveCfg = Debug|x64
		{78EB3EF0-2D74-48B7-8BFA-9B893E1443F6}.Debug|x64.Build.0 = Debug|x64
		{78EB3EF0-2D74-48B7-8BFA-9B893E1443F6}.Release|x64.ActiveCfg = Release|x64
		{78EB3EF0-2D74-48B7-8BFA-9B893E1443F6}.Release|x64.Build.0 = Release|x64
	EndGlobalSection
	GlobalSection(SolutionProperties) = preSolution
		HideSolutionNode = FALSE
	EndGlobalSection
	GlobalSection(ExtensibilityGlobals) = postSolution
		SolutionGuid = {01FEA614-A5B9-48D4-B82C-0A38D5ADB6B2}
	EndGlobalSection
EndGlobal
